
Microsoft Visual Studio Solution File, Format Version 12.00
# Visual Studio Version 16
VisualStudioVersion = 16.0.30621.155
MinimumVisualStudioVersion = 10.0.40219.1
Project("{FAE04EC0-301F-11D3-BF4B-00C04F79EFBC}") = "ClientUI", "ClientUI.csproj", "{79BCCF83-61C3-41EF-ACC9-01BFFBD5E5C8}"
EndProject
Global
	GlobalSection(SolutionConfigurationPlatforms) = preSolution
		Debug|Any CPU = Debug|Any CPU
		Release|Any CPU = Release|Any CPU
	EndGlobalSection
	GlobalSection(ProjectConfigurationPlatforms) = postSolution
		{79BCCF83-61C3-41EF-ACC9-01BFFBD5E5C8}.Debug|Any CPU.ActiveCfg = Debug|Any CPU
		{79BCCF83-61C3-41EF-ACC9-01BFFBD5E5C8}.Debug|Any CPU.Build.0 = Debug|Any CPU
		{79BCCF83-61C3-41EF-ACC9-01BFFBD5E5C8}.Release|Any CPU.ActiveCfg = Release|Any CPU
		{79BCCF83-61C3-41EF-ACC9-01BFFBD5E5C8}.Release|Any CPU.Build.0 = Release|Any CPU
	EndGlobalSection
	GlobalSection(SolutionProperties) = preSolution
		HideSolutionNode = FALSE
	EndGlobalSection
	GlobalSection(ExtensibilityGlobals) = postSolution
		SolutionGuid = {3E82EE06-6512-4EC8-8621-3AAB0E211A1C}
	EndGlobalSection
EndGlobal
